
Microsoft Visual Studio Solution File, Format Version 12.00
# Visual Studio Version 17
VisualStudioVersion = 17.6.33815.320
MinimumVisualStudioVersion = 10.0.40219.1
Project("{FAE04EC0-301F-11D3-BF4B-00C04F79EFBC}") = "WpfApp2", "WpfApp2\WpfApp2.csproj", "{FEB4A5E6-1006-48FB-B002-52E0149C327B}"
EndProject
Global
	GlobalSection(SolutionConfigurationPlatforms) = preSolution
		Debug|Any CPU = Debug|Any CPU
		Release|Any CPU = Release|Any CPU
	EndGlobalSection
	GlobalSection(ProjectConfigurationPlatforms) = postSolution
		{FEB4A5E6-1006-48FB-B002-52E0149C327B}.Debug|Any CPU.ActiveCfg = Debug|Any CPU
		{FEB4A5E6-1006-48FB-B002-52E0149C327B}.Debug|Any CPU.Build.0 = Debug|Any CPU
		{FEB4A5E6-1006-48FB-B002-52E0149C327B}.Release|Any CPU.ActiveCfg = Release|Any CPU
		{FEB4A5E6-1006-48FB-B002-52E0149C327B}.Release|Any CPU.Build.0 = Release|Any CPU
	EndGlobalSection
	GlobalSection(SolutionProperties) = preSolution
		HideSolutionNode = FALSE
	EndGlobalSection
	GlobalSection(ExtensibilityGlobals) = postSolution
		SolutionGuid = {A6CC31AE-1112-474A-8212-E5962C3F8F70}
	EndGlobalSection
EndGlobal
